
Microsoft Visual Studio Solution File, Format Version 12.00
# Visual Studio Version 17
VisualStudioVersion = 17.11.35222.181
MinimumVisualStudioVersion = 10.0.40219.1
Project("{FAE04EC0-301F-11D3-BF4B-00C04F79EFBC}") = "LifeLine Blood Bank", "LifeLine Blood Bank\LifeLine Blood Bank.csproj", "{0E8A900E-6BD0-4C8C-94E0-2969A69F34EE}"
EndProject
Global
	GlobalSection(SolutionConfigurationPlatforms) = preSolution
		Debug|Any CPU = Debug|Any CPU
		Release|Any CPU = Release|Any CPU
	EndGlobalSection
	GlobalSection(ProjectConfigurationPlatforms) = postSolution
		{0E8A900E-6BD0-4C8C-94E0-2969A69F34EE}.Debug|Any CPU.ActiveCfg = Debug|Any CPU
		{0E8A900E-6BD0-4C8C-94E0-2969A69F34EE}.Debug|Any CPU.Build.0 = Debug|Any CPU
		{0E8A900E-6BD0-4C8C-94E0-2969A69F34EE}.Release|Any CPU.ActiveCfg = Release|Any CPU
		{0E8A900E-6BD0-4C8C-94E0-2969A69F34EE}.Release|Any CPU.Build.0 = Release|Any CPU
	EndGlobalSection
	GlobalSection(SolutionProperties) = preSolution
		HideSolutionNode = FALSE
	EndGlobalSection
	GlobalSection(ExtensibilityGlobals) = postSolution
		SolutionGuid = {08BD5380-8A62-45C9-A638-DC8A64A5C88A}
	EndGlobalSection
EndGlobal
